
Microsoft Visual Studio Solution File, Format Version 12.00
# Visual Studio Version 16
VisualStudioVersion = 16.0.33214.272
MinimumVisualStudioVersion = 10.0.40219.1
Project("{FAE04EC0-301F-11D3-BF4B-00C04F79EFBC}") = "Controle", "Controle\Controle.csproj", "{24ED5234-2AA1-4B93-9BBE-A49EF9C74A95}"
EndProject
Global
	GlobalSection(SolutionConfigurationPlatforms) = preSolution
		Debug|Any CPU = Debug|Any CPU
		Release|Any CPU = Release|Any CPU
	EndGlobalSection
	GlobalSection(ProjectConfigurationPlatforms) = postSolution
		{24ED5234-2AA1-4B93-9BBE-A49EF9C74A95}.Debug|Any CPU.ActiveCfg = Debug|Any CPU
		{24ED5234-2AA1-4B93-9BBE-A49EF9C74A95}.Debug|Any CPU.Build.0 = Debug|Any CPU
		{24ED5234-2AA1-4B93-9BBE-A49EF9C74A95}.Release|Any CPU.ActiveCfg = Release|Any CPU
		{24ED5234-2AA1-4B93-9BBE-A49EF9C74A95}.Release|Any CPU.Build.0 = Release|Any CPU
	EndGlobalSection
	GlobalSection(SolutionProperties) = preSolution
		HideSolutionNode = FALSE
	EndGlobalSection
	GlobalSection(ExtensibilityGlobals) = postSolution
		SolutionGuid = {B698F1EC-1A35-45E5-B38A-249EDD206924}
	EndGlobalSection
EndGlobal
